
Microsoft Visual Studio Solution File, Format Version 12.00
# Visual Studio Version 17
VisualStudioVersion = 17.3.32901.215
MinimumVisualStudioVersion = 10.0.40219.1
Project("{9A19103F-16F7-4668-BE54-9A1E7A4F7556}") = "WorkflowAutomation.Server", "WorkflowAutomation\Server\WorkflowAutomation.Server.csproj", "{50957688-DBF9-404A-B4B2-7DDA899BE3A5}"
EndProject
Project("{9A19103F-16F7-4668-BE54-9A1E7A4F7556}") = "WorkflowAutomation.Client", "WorkflowAutomation\Client\WorkflowAutomation.Client.csproj", "{7279D6A9-721B-403C-83A6-BE5A449C8C66}"
EndProject
Project("{9A19103F-16F7-4668-BE54-9A1E7A4F7556}") = "WorkflowAutomation.Shared", "WorkflowAutomation\Shared\WorkflowAutomation.Shared.csproj", "{A68339F6-2642-404F-A17A-31F21E7366E7}"
EndProject
Project("{2150E333-8FDC-42A3-9474-1A3956D46DE8}") = "Core", "Core", "{26AC090A-CD7A-47BB-9DDF-F18C733B48C2}"
EndProject
Project("{9A19103F-16F7-4668-BE54-9A1E7A4F7556}") = "WorkflowAutomation.Application", "WorkflowAutomation.Application\WorkflowAutomation.Application.csproj", "{E457D519-27C8-479C-BC19-0B50E8FBA560}"
EndProject
Project("{9A19103F-16F7-4668-BE54-9A1E7A4F7556}") = "WorkflowAutomation.Domain", "WorkflowAutomation.Domain\WorkflowAutomation.Domain.csproj", "{E55CC5E6-58D5-4707-87C9-5671BF58B081}"
EndProject
Project("{2150E333-8FDC-42A3-9474-1A3956D46DE8}") = "Infrastructure", "Infrastructure", "{C3AA4F1A-C79A-4919-B555-972241F58600}"
EndProject
Project("{9A19103F-16F7-4668-BE54-9A1E7A4F7556}") = "WorkflowAutomation.Persistence", "WorkflowAutomation.Persistence\WorkflowAutomation.Persistence.csproj", "{FF6D1048-2455-444C-82D2-C4228DEAF7D0}"
EndProject
Project("{2150E333-8FDC-42A3-9474-1A3956D46DE8}") = "Backend", "Backend", "{D7A74820-FE3C-47BD-B5FD-18B270A6657A}"
EndProject
Project("{2150E333-8FDC-42A3-9474-1A3956D46DE8}") = "Presentation", "Presentation", "{9529FF3B-6EBD-43F2-B4D2-CB402080E2E9}"
EndProject
Project("{2150E333-8FDC-42A3-9474-1A3956D46DE8}") = "Frontend", "Frontend", "{A0349EB2-0474-4192-A71C-A66D968C409A}"
EndProject
Project("{9A19103F-16F7-4668-BE54-9A1E7A4F7556}") = "BlazorApp4.Server", "..\..\..\..\..\repos\old\Тестовые\BlazorApp4\BlazorApp4\Server\BlazorApp4.Server.csproj", "{B817DCDA-54FE-4394-8DBD-856ACEC0F83C}"
EndProject
Global
	GlobalSection(SolutionConfigurationPlatforms) = preSolution
		Debug|Any CPU = Debug|Any CPU
		Release|Any CPU = Release|Any CPU
	EndGlobalSection
	GlobalSection(ProjectConfigurationPlatforms) = postSolution
		{50957688-DBF9-404A-B4B2-7DDA899BE3A5}.Debug|Any CPU.ActiveCfg = Debug|Any CPU
		{50957688-DBF9-404A-B4B2-7DDA899BE3A5}.Debug|Any CPU.Build.0 = Debug|Any CPU
		{50957688-DBF9-404A-B4B2-7DDA899BE3A5}.Release|Any CPU.ActiveCfg = Release|Any CPU
		{50957688-DBF9-404A-B4B2-7DDA899BE3A5}.Release|Any CPU.Build.0 = Release|Any CPU
		{7279D6A9-721B-403C-83A6-BE5A449C8C66}.Debug|Any CPU.ActiveCfg = Debug|Any CPU
		{7279D6A9-721B-403C-83A6-BE5A449C8C66}.Debug|Any CPU.Build.0 = Debug|Any CPU
		{7279D6A9-721B-403C-83A6-BE5A449C8C66}.Release|Any CPU.ActiveCfg = Release|Any CPU
		{7279D6A9-721B-403C-83A6-BE5A449C8C66}.Release|Any CPU.Build.0 = Release|Any CPU
		{A68339F6-2642-404F-A17A-31F21E7366E7}.Debug|Any CPU.ActiveCfg = Debug|Any CPU
		{A68339F6-2642-404F-A17A-31F21E7366E7}.Debug|Any CPU.Build.0 = Debug|Any CPU
		{A68339F6-2642-404F-A17A-31F21E7366E7}.Release|Any CPU.ActiveCfg = Release|Any CPU
		{A68339F6-2642-404F-A17A-31F21E7366E7}.Release|Any CPU.Build.0 = Release|Any CPU
		{E457D519-27C8-479C-BC19-0B50E8FBA560}.Debug|Any CPU.ActiveCfg = Debug|Any CPU
		{E457D519-27C8-479C-BC19-0B50E8FBA560}.Debug|Any CPU.Build.0 = Debug|Any CPU
		{E457D519-27C8-479C-BC19-0B50E8FBA560}.Release|Any CPU.ActiveCfg = Release|Any CPU
		{E457D519-27C8-479C-BC19-0B50E8FBA560}.Release|Any CPU.Build.0 = Release|Any CPU
		{E55CC5E6-58D5-4707-87C9-5671BF58B081}.Debug|Any CPU.ActiveCfg = Debug|Any CPU
		{E55CC5E6-58D5-4707-87C9-5671BF58B081}.Debug|Any CPU.Build.0 = Debug|Any CPU
		{E55CC5E6-58D5-4707-87C9-5671BF58B081}.Release|Any CPU.ActiveCfg = Release|Any CPU
		{E55CC5E6-58D5-4707-87C9-5671BF58B081}.Release|Any CPU.Build.0 = Release|Any CPU
		{FF6D1048-2455-444C-82D2-C4228DEAF7D0}.Debug|Any CPU.ActiveCfg = Debug|Any CPU
		{FF6D1048-2455-444C-82D2-C4228DEAF7D0}.Debug|Any CPU.Build.0 = Debug|Any CPU
		{FF6D1048-2455-444C-82D2-C4228DEAF7D0}.Release|Any CPU.ActiveCfg = Release|Any CPU
		{FF6D1048-2455-444C-82D2-C4228DEAF7D0}.Release|Any CPU.Build.0 = Release|Any CPU
		{B817DCDA-54FE-4394-8DBD-856ACEC0F83C}.Debug|Any CPU.ActiveCfg = Debug|Any CPU
		{B817DCDA-54FE-4394-8DBD-856ACEC0F83C}.Debug|Any CPU.Build.0 = Debug|Any CPU
		{B817DCDA-54FE-4394-8DBD-856ACEC0F83C}.Release|Any CPU.ActiveCfg = Release|Any CPU
		{B817DCDA-54FE-4394-8DBD-856ACEC0F83C}.Release|Any CPU.Build.0 = Release|Any CPU
	EndGlobalSection
	GlobalSection(SolutionProperties) = preSolution
		HideSolutionNode = FALSE
	EndGlobalSection
	GlobalSection(NestedProjects) = preSolution
		{50957688-DBF9-404A-B4B2-7DDA899BE3A5} = {9529FF3B-6EBD-43F2-B4D2-CB402080E2E9}
		{7279D6A9-721B-403C-83A6-BE5A449C8C66} = {A0349EB2-0474-4192-A71C-A66D968C409A}
		{26AC090A-CD7A-47BB-9DDF-F18C733B48C2} = {D7A74820-FE3C-47BD-B5FD-18B270A6657A}
		{E457D519-27C8-479C-BC19-0B50E8FBA560} = {26AC090A-CD7A-47BB-9DDF-F18C733B48C2}
		{E55CC5E6-58D5-4707-87C9-5671BF58B081} = {26AC090A-CD7A-47BB-9DDF-F18C733B48C2}
		{C3AA4F1A-C79A-4919-B555-972241F58600} = {D7A74820-FE3C-47BD-B5FD-18B270A6657A}
		{FF6D1048-2455-444C-82D2-C4228DEAF7D0} = {C3AA4F1A-C79A-4919-B555-972241F58600}
		{9529FF3B-6EBD-43F2-B4D2-CB402080E2E9} = {D7A74820-FE3C-47BD-B5FD-18B270A6657A}
		{B817DCDA-54FE-4394-8DBD-856ACEC0F83C} = {9529FF3B-6EBD-43F2-B4D2-CB402080E2E9}
	EndGlobalSection
	GlobalSection(ExtensibilityGlobals) = postSolution
		SolutionGuid = {2CEEBF73-D9C8-444E-8271-D76E6602F856}
	EndGlobalSection
EndGlobal
